{
  "name": "huaci-ai",
  "version": "1.0.5",
  "lockfileVersion": 3,
  "requires": true,
  "packages": {
    "": {
      "name": "huaci-ai",
      "version": "1.0.5",
      "dependencies": {
        "@tauri-apps/api": "^2.0.0",
        "@tauri-apps/plugin-clipboard-manager": "^2.0.0",
        "@tauri-apps/plugin-shell": "^2.0.0"
      },
      "devDependencies": {
        "@sveltejs/vite-plugin-svelte": "^3.0.0",
        "@tauri-apps/cli": "^2.0.0",
        "svelte": "^4.2.0",
        "typescript": "^5.0.0",
        "vite": "^5.0.0"
      }
    }
  }
}
